
Microsoft Visual Studio Solution File, Format Version 12.00
Project("{FAE04EC0-301F-11D3-BF4B-00C04F79EFBC}") = "Game", "Game.csproj", "{820BC24D-2B55-48FC-AA64-AD5E18521BBE}"
EndProject
Global
	GlobalSection(SolutionConfigurationPlatforms) = preSolution
		Debug|Any CPU = Debug|Any CPU
		Release|Any CPU = Release|Any CPU
	EndGlobalSection
	GlobalSection(ProjectConfigurationPlatforms) = postSolution
		{820BC24D-2B55-48FC-AA64-AD5E18521BBE}.Debug|Any CPU.ActiveCfg = Debug|Any CPU
		{820BC24D-2B55-48FC-AA64-AD5E18521BBE}.Debug|Any CPU.Build.0 = Debug|Any CPU
		{820BC24D-2B55-48FC-AA64-AD5E18521BBE}.Release|Any CPU.ActiveCfg = Release|Any CPU
		{820BC24D-2B55-48FC-AA64-AD5E18521BBE}.Release|Any CPU.Build.0 = Release|Any CPU
	EndGlobalSection
EndGlobal
